// !$*UTF8*$!
{
	archiveVersion = 1;
	classes = {
	};
	objectVersion = 51;
	objects = {

/* Begin PBXBuildFile section */
		70CB5E5DB41F543C806C9CB3 /* Pods_se_iOS_client.framework in Frameworks */ = {isa = PBXBuildFile; fileRef = 74F7F39D88FAA30C7C94E619 /* Pods_se_iOS_client.framework */; };
		AF0DE56B2654486900C5E36F /* FreeboardViewController.swift in Sources */ = {isa = PBXBuildFile; fileRef = AF0DE56A2654486900C5E36F /* FreeboardViewController.swift */; };
		AF0DE56D26544E0600C5E36F /* MenuViewController.swift in Sources */ = {isa = PBXBuildFile; fileRef = AF0DE56C26544E0600C5E36F /* MenuViewController.swift */; };
		AF0DE56F26544E1400C5E36F /* SearchViewController.swift in Sources */ = {isa = PBXBuildFile; fileRef = AF0DE56E26544E1400C5E36F /* SearchViewController.swift */; };
		AF0DE57126544E2100C5E36F /* MypageViewController.swift in Sources */ = {isa = PBXBuildFile; fileRef = AF0DE57026544E2100C5E36F /* MypageViewController.swift */; };
		AF0DE57326544E2A00C5E36F /* AlarmViewController.swift in Sources */ = {isa = PBXBuildFile; fileRef = AF0DE57226544E2A00C5E36F /* AlarmViewController.swift */; };
		AF1FB8CB2618B1650026E7BA /* LoginViewController.swift in Sources */ = {isa = PBXBuildFile; fileRef = AF1FB8CA2618B1650026E7BA /* LoginViewController.swift */; };
		AF4E9089263FF70300DE02C3 /* TabBar.storyboard in Resources */ = {isa = PBXBuildFile; fileRef = AF4E9088263FF70300DE02C3 /* TabBar.storyboard */; };
		AF4E908B264000DB00DE02C3 /* TabBarController.swift in Sources */ = {isa = PBXBuildFile; fileRef = AF4E908A264000DB00DE02C3 /* TabBarController.swift */; };
		AF62E5462656DC5F0045A8A8 /* Utils.swift in Sources */ = {isa = PBXBuildFile; fileRef = AF62E5452656DC5F0045A8A8 /* Utils.swift */; };
		AFA64B37260A1AEC001AB94F /* AppDelegate.swift in Sources */ = {isa = PBXBuildFile; fileRef = AFA64B36260A1AEC001AB94F /* AppDelegate.swift */; };
		AFA64B39260A1AEC001AB94F /* SceneDelegate.swift in Sources */ = {isa = PBXBuildFile; fileRef = AFA64B38260A1AEC001AB94F /* SceneDelegate.swift */; };
		AFA64B3E260A1AEC001AB94F /* Login.storyboard in Resources */ = {isa = PBXBuildFile; fileRef = AFA64B3C260A1AEC001AB94F /* Login.storyboard */; };
		AFA64B41260A1AEC001AB94F /* se_iOS_client.xcdatamodeld in Sources */ = {isa = PBXBuildFile; fileRef = AFA64B3F260A1AEC001AB94F /* se_iOS_client.xcdatamodeld */; };
		AFA64B43260A1AEC001AB94F /* Assets.xcassets in Resources */ = {isa = PBXBuildFile; fileRef = AFA64B42260A1AEC001AB94F /* Assets.xcassets */; };
		AFA64B46260A1AEC001AB94F /* LaunchScreen.storyboard in Resources */ = {isa = PBXBuildFile; fileRef = AFA64B44260A1AEC001AB94F /* LaunchScreen.storyboard */; };
		AFAE06C32656AE13000414CC /* SearchTableViewCell.swift in Sources */ = {isa = PBXBuildFile; fileRef = AFAE06C22656AE13000414CC /* SearchTableViewCell.swift */; };
		AFF4D6812618D58100C06FFB /* Account.swift in Sources */ = {isa = PBXBuildFile; fileRef = AFF4D6802618D58100C06FFB /* Account.swift */; };
		AFF4D68C2618F3F800C06FFB /* SignUpViewController.swift in Sources */ = {isa = PBXBuildFile; fileRef = AFF4D68B2618F3F800C06FFB /* SignUpViewController.swift */; };
/* End PBXBuildFile section */

/* Begin PBXFileReference section */
		161DE9C87AEC715CE48F75C2 /* Pods-se_iOS_client.release.xcconfig */ = {isa = PBXFileReference; includeInIndex = 1; lastKnownFileType = text.xcconfig; name = "Pods-se_iOS_client.release.xcconfig"; path = "Target Support Files/Pods-se_iOS_client/Pods-se_iOS_client.release.xcconfig"; sourceTree = "<group>"; };
		74F7F39D88FAA30C7C94E619 /* Pods_se_iOS_client.framework */ = {isa = PBXFileReference; explicitFileType = wrapper.framework; includeInIndex = 0; path = Pods_se_iOS_client.framework; sourceTree = BUILT_PRODUCTS_DIR; };
		AF0DE56A2654486900C5E36F /* FreeboardViewController.swift */ = {isa = PBXFileReference; lastKnownFileType = sourcecode.swift; path = FreeboardViewController.swift; sourceTree = "<group>"; };
		AF0DE56C26544E0600C5E36F /* MenuViewController.swift */ = {isa = PBXFileReference; lastKnownFileType = sourcecode.swift; path = MenuViewController.swift; sourceTree = "<group>"; };
		AF0DE56E26544E1400C5E36F /* SearchViewController.swift */ = {isa = PBXFileReference; lastKnownFileType = sourcecode.swift; path = SearchViewController.swift; sourceTree = "<group>"; };
		AF0DE57026544E2100C5E36F /* MypageViewController.swift */ = {isa = PBXFileReference; lastKnownFileType = sourcecode.swift; path = MypageViewController.swift; sourceTree = "<group>"; };
		AF0DE57226544E2A00C5E36F /* AlarmViewController.swift */ = {isa = PBXFileReference; lastKnownFileType = sourcecode.swift; path = AlarmViewController.swift; sourceTree = "<group>"; };
		AF1FB8CA2618B1650026E7BA /* LoginViewController.swift */ = {isa = PBXFileReference; lastKnownFileType = sourcecode.swift; path = LoginViewController.swift; sourceTree = "<group>"; };
		AF4E9088263FF70300DE02C3 /* TabBar.storyboard */ = {isa = PBXFileReference; lastKnownFileType = file.storyboard; path = TabBar.storyboard; sourceTree = "<group>"; };
		AF4E908A264000DB00DE02C3 /* TabBarController.swift */ = {isa = PBXFileReference; lastKnownFileType = sourcecode.swift; path = TabBarController.swift; sourceTree = "<group>"; };
		AF62E5452656DC5F0045A8A8 /* Utils.swift */ = {isa = PBXFileReference; lastKnownFileType = sourcecode.swift; path = Utils.swift; sourceTree = "<group>"; };
		AFA64B33260A1AEC001AB94F /* se_iOS_client.app */ = {isa = PBXFileReference; explicitFileType = wrapper.application; includeInIndex = 0; path = se_iOS_client.app; sourceTree = BUILT_PRODUCTS_DIR; };
		AFA64B36260A1AEC001AB94F /* AppDelegate.swift */ = {isa = PBXFileReference; lastKnownFileType = sourcecode.swift; path = AppDelegate.swift; sourceTree = "<group>"; };
		AFA64B38260A1AEC001AB94F /* SceneDelegate.swift */ = {isa = PBXFileReference; lastKnownFileType = sourcecode.swift; path = SceneDelegate.swift; sourceTree = "<group>"; };
		AFA64B3D260A1AEC001AB94F /* Base */ = {isa = PBXFileReference; lastKnownFileType = file.storyboard; name = Base; path = Base.lproj/Login.storyboard; sourceTree = "<group>"; };
		AFA64B40260A1AEC001AB94F /* se_iOS_client.xcdatamodel */ = {isa = PBXFileReference; lastKnownFileType = wrapper.xcdatamodel; path = se_iOS_client.xcdatamodel; sourceTree = "<group>"; };
		AFA64B42260A1AEC001AB94F /* Assets.xcassets */ = {isa = PBXFileReference; lastKnownFileType = folder.assetcatalog; path = Assets.xcassets; sourceTree = "<group>"; };
		AFA64B45260A1AEC001AB94F /* Base */ = {isa = PBXFileReference; lastKnownFileType = file.storyboard; name = Base; path = Base.lproj/LaunchScreen.storyboard; sourceTree = "<group>"; };
		AFA64B47260A1AEC001AB94F /* Info.plist */ = {isa = PBXFileReference; lastKnownFileType = text.plist.xml; path = Info.plist; sourceTree = "<group>"; };
		AFAE06C22656AE13000414CC /* SearchTableViewCell.swift */ = {isa = PBXFileReference; lastKnownFileType = sourcecode.swift; path = SearchTableViewCell.swift; sourceTree = "<group>"; };
		AFF4D6802618D58100C06FFB /* Account.swift */ = {isa = PBXFileReference; lastKnownFileType = sourcecode.swift; path = Account.swift; sourceTree = "<group>"; };
		AFF4D68B2618F3F800C06FFB /* SignUpViewController.swift */ = {isa = PBXFileReference; lastKnownFileType = sourcecode.swift; path = SignUpViewController.swift; sourceTree = "<group>"; };
		CCDE8C8310F13F7B9BDF4B7D /* Pods-se_iOS_client.debug.xcconfig */ = {isa = PBXFileReference; includeInIndex = 1; lastKnownFileType = text.xcconfig; name = "Pods-se_iOS_client.debug.xcconfig"; path = "Target Support Files/Pods-se_iOS_client/Pods-se_iOS_client.debug.xcconfig"; sourceTree = "<group>"; };
/* End PBXFileReference section */

/* Begin PBXFrameworksBuildPhase section */
		AFA64B30260A1AEC001AB94F /* Frameworks */ = {
			isa = PBXFrameworksBuildPhase;
			buildActionMask = 2147483647;
			files = (
				70CB5E5DB41F543C806C9CB3 /* Pods_se_iOS_client.framework in Frameworks */,
			);
			runOnlyForDeploymentPostprocessing = 0;
		};
/* End PBXFrameworksBuildPhase section */

/* Begin PBXGroup section */
		905C257CB63329177ADCED2A /* Frameworks */ = {
			isa = PBXGroup;
			children = (
				74F7F39D88FAA30C7C94E619 /* Pods_se_iOS_client.framework */,
			);
			name = Frameworks;
			sourceTree = "<group>";
		};
		AF1FB8CE2618C4100026E7BA /* model */ = {
			isa = PBXGroup;
			children = (
				AFF4D6802618D58100C06FFB /* Account.swift */,
			);
			path = model;
			sourceTree = "<group>";
		};
		AF1FB8D02618C41D0026E7BA /* storyboard */ = {
			isa = PBXGroup;
			children = (
				AFA64B3C260A1AEC001AB94F /* Login.storyboard */,
				AF4E9088263FF70300DE02C3 /* TabBar.storyboard */,
				AFA64B44260A1AEC001AB94F /* LaunchScreen.storyboard */,
			);
			path = storyboard;
			sourceTree = "<group>";
		};
		AF1FB8D22618C4290026E7BA /* viewController */ = {
			isa = PBXGroup;
			children = (
				AF1FB8CA2618B1650026E7BA /* LoginViewController.swift */,
				AFF4D68B2618F3F800C06FFB /* SignUpViewController.swift */,
				AF4E908A264000DB00DE02C3 /* TabBarController.swift */,
				AF0DE56A2654486900C5E36F /* FreeboardViewController.swift */,
				AF0DE56C26544E0600C5E36F /* MenuViewController.swift */,
				AF0DE56E26544E1400C5E36F /* SearchViewController.swift */,
				AF0DE57026544E2100C5E36F /* MypageViewController.swift */,
				AF0DE57226544E2A00C5E36F /* AlarmViewController.swift */,
			);
			path = viewController;
			sourceTree = "<group>";
		};
		AF1FB8D52618D04A0026E7BA /* Utils */ = {
			isa = PBXGroup;
			children = (
				AF62E5452656DC5F0045A8A8 /* Utils.swift */,
			);
			path = Utils;
			sourceTree = "<group>";
		};
		AFA64B2A260A1AEC001AB94F = {
			isa = PBXGroup;
			children = (
				AFA64B35260A1AEC001AB94F /* se_iOS_client */,
				AFA64B34260A1AEC001AB94F /* Products */,
				D05A68EDFB39A7F410C84685 /* Pods */,
				905C257CB63329177ADCED2A /* Frameworks */,
			);
			sourceTree = "<group>";
		};
		AFA64B34260A1AEC001AB94F /* Products */ = {
			isa = PBXGroup;
			children = (
				AFA64B33260A1AEC001AB94F /* se_iOS_client.app */,
			);
			name = Products;
			sourceTree = "<group>";
		};
		AFA64B35260A1AEC001AB94F /* se_iOS_client */ = {
			isa = PBXGroup;
			children = (
				AFAE06C12656ADF8000414CC /* TableViewCell */,
				AF1FB8D52618D04A0026E7BA /* Utils */,
				AF1FB8D22618C4290026E7BA /* viewController */,
				AF1FB8D02618C41D0026E7BA /* storyboard */,
				AF1FB8CE2618C4100026E7BA /* model */,
				AFA64B36260A1AEC001AB94F /* AppDelegate.swift */,
				AFA64B38260A1AEC001AB94F /* SceneDelegate.swift */,
				AFA64B42260A1AEC001AB94F /* Assets.xcassets */,
				AFA64B47260A1AEC001AB94F /* Info.plist */,
				AFA64B3F260A1AEC001AB94F /* se_iOS_client.xcdatamodeld */,
			);
			path = se_iOS_client;
			sourceTree = "<group>";
		};
		AFAE06C12656ADF8000414CC /* TableViewCell */ = {
			isa = PBXGroup;
			children = (
				AFAE06C22656AE13000414CC /* SearchTableViewCell.swift */,
			);
			path = TableViewCell;
			sourceTree = "<group>";
		};
		D05A68EDFB39A7F410C84685 /* Pods */ = {
			isa = PBXGroup;
			children = (
				CCDE8C8310F13F7B9BDF4B7D /* Pods-se_iOS_client.debug.xcconfig */,
				161DE9C87AEC715CE48F75C2 /* Pods-se_iOS_client.release.xcconfig */,
			);
			path = Pods;
			sourceTree = "<group>";
		};
/* End PBXGroup section */

/* Begin PBXNativeTarget section */
		AFA64B32260A1AEC001AB94F /* se_iOS_client */ = {
			isa = PBXNativeTarget;
			buildConfigurationList = AFA64B4A260A1AEC001AB94F /* Build configuration list for PBXNativeTarget "se_iOS_client" */;
			buildPhases = (
				5D1A9FE1D079880225A3F77C /* [CP] Check Pods Manifest.lock */,
				AFA64B2F260A1AEC001AB94F /* Sources */,
				AFA64B30260A1AEC001AB94F /* Frameworks */,
				AFA64B31260A1AEC001AB94F /* Resources */,
				CC8B7BD2B0A224831759669E /* [CP] Embed Pods Frameworks */,
			);
			buildRules = (
			);
			dependencies = (
			);
			name = se_iOS_client;
			productName = se_iOS_client;
			productReference = AFA64B33260A1AEC001AB94F /* se_iOS_client.app */;
			productType = "com.apple.product-type.application";
		};
/* End PBXNativeTarget section */

/* Begin PBXProject section */
		AFA64B2B260A1AEC001AB94F /* Project object */ = {
			isa = PBXProject;
			attributes = {
				LastSwiftUpdateCheck = 1240;
				LastUpgradeCheck = 1240;
				TargetAttributes = {
					AFA64B32260A1AEC001AB94F = {
						CreatedOnToolsVersion = 12.4;
					};
				};
			};
			buildConfigurationList = AFA64B2E260A1AEC001AB94F /* Build configuration list for PBXProject "se_iOS_client" */;
			compatibilityVersion = "Xcode 9.3";
			developmentRegion = en;
			hasScannedForEncodings = 0;
			knownRegions = (
				en,
				Base,
			);
			mainGroup = AFA64B2A260A1AEC001AB94F;
			productRefGroup = AFA64B34260A1AEC001AB94F /* Products */;
			projectDirPath = "";
			projectRoot = "";
			targets = (
				AFA64B32260A1AEC001AB94F /* se_iOS_client */,
			);
		};
/* End PBXProject section */

/* Begin PBXResourcesBuildPhase section */
		AFA64B31260A1AEC001AB94F /* Resources */ = {
			isa = PBXResourcesBuildPhase;
			buildActionMask = 2147483647;
			files = (
				AFA64B46260A1AEC001AB94F /* LaunchScreen.storyboard in Resources */,
				AFA64B43260A1AEC001AB94F /* Assets.xcassets in Resources */,
				AFA64B3E260A1AEC001AB94F /* Login.storyboard in Resources */,
				AF4E9089263FF70300DE02C3 /* TabBar.storyboard in Resources */,
			);
			runOnlyForDeploymentPostprocessing = 0;
		};
/* End PBXResourcesBuildPhase section */

/* Begin PBXShellScriptBuildPhase section */
		5D1A9FE1D079880225A3F77C /* [CP] Check Pods Manifest.lock */ = {
			isa = PBXShellScriptBuildPhase;
			buildActionMask = 2147483647;
			files = (
			);
			inputFileListPaths = (
			);
			inputPaths = (
				"${PODS_PODFILE_DIR_PATH}/Podfile.lock",
				"${PODS_ROOT}/Manifest.lock",
			);
			name = "[CP] Check Pods Manifest.lock";
			outputFileListPaths = (
			);
			outputPaths = (
				"$(DERIVED_FILE_DIR)/Pods-se_iOS_client-checkManifestLockResult.txt",
			);
			runOnlyForDeploymentPostprocessing = 0;
			shellPath = /bin/sh;
			shellScript = "diff \"${PODS_PODFILE_DIR_PATH}/Podfile.lock\" \"${PODS_ROOT}/Manifest.lock\" > /dev/null\nif [ $? != 0 ] ; then\n    # print error to STDERR\n    echo \"error: The sandbox is not in sync with the Podfile.lock. Run 'pod install' or update your CocoaPods installation.\" >&2\n    exit 1\nfi\n# This output is used by Xcode 'outputs' to avoid re-running this script phase.\necho \"SUCCESS\" > \"${SCRIPT_OUTPUT_FILE_0}\"\n";
			showEnvVarsInLog = 0;
		};
		CC8B7BD2B0A224831759669E /* [CP] Embed Pods Frameworks */ = {
			isa = PBXShellScriptBuildPhase;
			buildActionMask = 2147483647;
			files = (
			);
			inputFileListPaths = (
				"${PODS_ROOT}/Target Support Files/Pods-se_iOS_client/Pods-se_iOS_client-frameworks-${CONFIGURATION}-input-files.xcfilelist",
			);
			name = "[CP] Embed Pods Frameworks";
			outputFileListPaths = (
				"${PODS_ROOT}/Target Support Files/Pods-se_iOS_client/Pods-se_iOS_client-frameworks-${CONFIGURATION}-output-files.xcfilelist",
			);
			runOnlyForDeploymentPostprocessing = 0;
			shellPath = /bin/sh;
			shellScript = "\"${PODS_ROOT}/Target Support Files/Pods-se_iOS_client/Pods-se_iOS_client-frameworks.sh\"\n";
			showEnvVarsInLog = 0;
		};
/* End PBXShellScriptBuildPhase section */

/* Begin PBXSourcesBuildPhase section */
		AFA64B2F260A1AEC001AB94F /* Sources */ = {
			isa = PBXSourcesBuildPhase;
			buildActionMask = 2147483647;
			files = (
				AF0DE56F26544E1400C5E36F /* SearchViewController.swift in Sources */,
				AFF4D68C2618F3F800C06FFB /* SignUpViewController.swift in Sources */,
				AF0DE56B2654486900C5E36F /* FreeboardViewController.swift in Sources */,
				AF62E5462656DC5F0045A8A8 /* Utils.swift in Sources */,
				AF1FB8CB2618B1650026E7BA /* LoginViewController.swift in Sources */,
				AFA64B37260A1AEC001AB94F /* AppDelegate.swift in Sources */,
				AF0DE56D26544E0600C5E36F /* MenuViewController.swift in Sources */,
				AFA64B41260A1AEC001AB94F /* se_iOS_client.xcdatamodeld in Sources */,
				AF4E908B264000DB00DE02C3 /* TabBarController.swift in Sources */,
				AFAE06C32656AE13000414CC /* SearchTableViewCell.swift in Sources */,
				AF0DE57326544E2A00C5E36F /* AlarmViewController.swift in Sources */,
				AFF4D6812618D58100C06FFB /* Account.swift in Sources */,
				AFA64B39260A1AEC001AB94F /* SceneDelegate.swift in Sources */,
				AF0DE57126544E2100C5E36F /* MypageViewController.swift in Sources */,
			);
			runOnlyForDeploymentPostprocessing = 0;
		};
/* End PBXSourcesBuildPhase section */

/* Begin PBXVariantGroup section */
		AFA64B3C260A1AEC001AB94F /* Login.storyboard */ = {
			isa = PBXVariantGroup;
			children = (
				AFA64B3D260A1AEC001AB94F /* Base */,
			);
			name = Login.storyboard;
			sourceTree = "<group>";
		};
		AFA64B44260A1AEC001AB94F /* LaunchScreen.storyboard */ = {
			isa = PBXVariantGroup;
			children = (
				AFA64B45260A1AEC001AB94F /* Base */,
			);
			name = LaunchScreen.storyboard;
			sourceTree = "<group>";
		};
/* End PBXVariantGroup section */

/* Begin XCBuildConfiguration section */
		AFA64B48260A1AEC001AB94F /* Debug */ = {
			isa = XCBuildConfiguration;
			buildSettings = {
				ALWAYS_SEARCH_USER_PATHS = NO;
				CLANG_ANALYZER_NONNULL = YES;
				CLANG_ANALYZER_NUMBER_OBJECT_CONVERSION = YES_AGGRESSIVE;
				CLANG_CXX_LANGUAGE_STANDARD = "gnu++14";
				CLANG_CXX_LIBRARY = "libc++";
				CLANG_ENABLE_MODULES = YES;
				CLANG_ENABLE_OBJC_ARC = YES;
				CLANG_ENABLE_OBJC_WEAK = YES;
				CLANG_WARN_BLOCK_CAPTURE_AUTORELEASING = YES;
				CLANG_WARN_BOOL_CONVERSION = YES;
				CLANG_WARN_COMMA = YES;
				CLANG_WARN_CONSTANT_CONVERSION = YES;
				CLANG_WARN_DEPRECATED_OBJC_IMPLEMENTATIONS = YES;
				CLANG_WARN_DIRECT_OBJC_ISA_USAGE = YES_ERROR;
				CLANG_WARN_DOCUMENTATION_COMMENTS = YES;
				CLANG_WARN_EMPTY_BODY = YES;
				CLANG_WARN_ENUM_CONVERSION = YES;
				CLANG_WARN_INFINITE_RECURSION = YES;
				CLANG_WARN_INT_CONVERSION = YES;
				CLANG_WARN_NON_LITERAL_NULL_CONVERSION = YES;
				CLANG_WARN_OBJC_IMPLICIT_RETAIN_SELF = YES;
				CLANG_WARN_OBJC_LITERAL_CONVERSION = YES;
				CLANG_WARN_OBJC_ROOT_CLASS = YES_ERROR;
				CLANG_WARN_QUOTED_INCLUDE_IN_FRAMEWORK_HEADER = YES;
				CLANG_WARN_RANGE_LOOP_ANALYSIS = YES;
				CLANG_WARN_STRICT_PROTOTYPES = YES;
				CLANG_WARN_SUSPICIOUS_MOVE = YES;
				CLANG_WARN_UNGUARDED_AVAILABILITY = YES_AGGRESSIVE;
				CLANG_WARN_UNREACHABLE_CODE = YES;
				CLANG_WARN__DUPLICATE_METHOD_MATCH = YES;
				COPY_PHASE_STRIP = NO;
				DEBUG_INFORMATION_FORMAT = dwarf;
				ENABLE_STRICT_OBJC_MSGSEND = YES;
				ENABLE_TESTABILITY = YES;
				GCC_C_LANGUAGE_STANDARD = gnu11;
				GCC_DYNAMIC_NO_PIC = NO;
				GCC_NO_COMMON_BLOCKS = YES;
				GCC_OPTIMIZATION_LEVEL = 0;
				GCC_PREPROCESSOR_DEFINITIONS = (
					"DEBUG=1",
					"$(inherited)",
				);
				GCC_WARN_64_TO_32_BIT_CONVERSION = YES;
				GCC_WARN_ABOUT_RETURN_TYPE = YES_ERROR;
				GCC_WARN_UNDECLARED_SELECTOR = YES;
				GCC_WARN_UNINITIALIZED_AUTOS = YES_AGGRESSIVE;
				GCC_WARN_UNUSED_FUNCTION = YES;
				GCC_WARN_UNUSED_VARIABLE = YES;
				IPHONEOS_DEPLOYMENT_TARGET = 14.4;
				MTL_ENABLE_DEBUG_INFO = INCLUDE_SOURCE;
				MTL_FAST_MATH = YES;
				ONLY_ACTIVE_ARCH = YES;
				SDKROOT = iphoneos;
				SWIFT_ACTIVE_COMPILATION_CONDITIONS = DEBUG;
				SWIFT_OPTIMIZATION_LEVEL = "-Onone";
			};
			name = Debug;
		};
		AFA64B49260A1AEC001AB94F /* Release */ = {
			isa = XCBuildConfiguration;
			buildSettings = {
				ALWAYS_SEARCH_USER_PATHS = NO;
				CLANG_ANALYZER_NONNULL = YES;
				CLANG_ANALYZER_NUMBER_OBJECT_CONVERSION = YES_AGGRESSIVE;
				CLANG_CXX_LANGUAGE_STANDARD = "gnu++14";
				CLANG_CXX_LIBRARY = "libc++";
				CLANG_ENABLE_MODULES = YES;
				CLANG_ENABLE_OBJC_ARC = YES;
				CLANG_ENABLE_OBJC_WEAK = YES;
				CLANG_WARN_BLOCK_CAPTURE_AUTORELEASING = YES;
				CLANG_WARN_BOOL_CONVERSION = YES;
				CLANG_WARN_COMMA = YES;
				CLANG_WARN_CONSTANT_CONVERSION = YES;
				CLANG_WARN_DEPRECATED_OBJC_IMPLEMENTATIONS = YES;
				CLANG_WARN_DIRECT_OBJC_ISA_USAGE = YES_ERROR;
				CLANG_WARN_DOCUMENTATION_COMMENTS = YES;
				CLANG_WARN_EMPTY_BODY = YES;
				CLANG_WARN_ENUM_CONVERSION = YES;
				CLANG_WARN_INFINITE_RECURSION = YES;
				CLANG_WARN_INT_CONVERSION = YES;
				CLANG_WARN_NON_LITERAL_NULL_CONVERSION = YES;
				CLANG_WARN_OBJC_IMPLICIT_RETAIN_SELF = YES;
				CLANG_WARN_OBJC_LITERAL_CONVERSION = YES;
				CLANG_WARN_OBJC_ROOT_CLASS = YES_ERROR;
				CLANG_WARN_QUOTED_INCLUDE_IN_FRAMEWORK_HEADER = YES;
				CLANG_WARN_RANGE_LOOP_ANALYSIS = YES;
				CLANG_WARN_STRICT_PROTOTYPES = YES;
				CLANG_WARN_SUSPICIOUS_MOVE = YES;
				CLANG_WARN_UNGUARDED_AVAILABILITY = YES_AGGRESSIVE;
				CLANG_WARN_UNREACHABLE_CODE = YES;
				CLANG_WARN__DUPLICATE_METHOD_MATCH = YES;
				COPY_PHASE_STRIP = NO;
				DEBUG_INFORMATION_FORMAT = "dwarf-with-dsym";
				ENABLE_NS_ASSERTIONS = NO;
				ENABLE_STRICT_OBJC_MSGSEND = YES;
				GCC_C_LANGUAGE_STANDARD = gnu11;
				GCC_NO_COMMON_BLOCKS = YES;
				GCC_WARN_64_TO_32_BIT_CONVERSION = YES;
				GCC_WARN_ABOUT_RETURN_TYPE = YES_ERROR;
				GCC_WARN_UNDECLARED_SELECTOR = YES;
				GCC_WARN_UNINITIALIZED_AUTOS = YES_AGGRESSIVE;
				GCC_WARN_UNUSED_FUNCTION = YES;
				GCC_WARN_UNUSED_VARIABLE = YES;
				IPHONEOS_DEPLOYMENT_TARGET = 14.4;
				MTL_ENABLE_DEBUG_INFO = NO;
				MTL_FAST_MATH = YES;
				SDKROOT = iphoneos;
				SWIFT_COMPILATION_MODE = wholemodule;
				SWIFT_OPTIMIZATION_LEVEL = "-O";
				VALIDATE_PRODUCT = YES;
			};
			name = Release;
		};
		AFA64B4B260A1AEC001AB94F /* Debug */ = {
			isa = XCBuildConfiguration;
			baseConfigurationReference = CCDE8C8310F13F7B9BDF4B7D /* Pods-se_iOS_client.debug.xcconfig */;
			buildSettings = {
				ASSETCATALOG_COMPILER_APPICON_NAME = AppIcon;
				ASSETCATALOG_COMPILER_GLOBAL_ACCENT_COLOR_NAME = AccentColor;
				CODE_SIGN_STYLE = Automatic;
				DEVELOPMENT_TEAM = 94WQ5WFP5X;
				INFOPLIST_FILE = se_iOS_client/Info.plist;
				LD_RUNPATH_SEARCH_PATHS = (
					"$(inherited)",
					"@executable_path/Frameworks",
				);
				PRODUCT_BUNDLE_IDENTIFIER = "kit.cs.ailab.syonKim.se-iOS-client";
				PRODUCT_NAME = "$(TARGET_NAME)";
				SWIFT_VERSION = 5.0;
				TARGETED_DEVICE_FAMILY = 1;
			};
			name = Debug;
		};
		AFA64B4C260A1AEC001AB94F /* Release */ = {
			isa = XCBuildConfiguration;
			baseConfigurationReference = 161DE9C87AEC715CE48F75C2 /* Pods-se_iOS_client.release.xcconfig */;
			buildSettings = {
				ASSETCATALOG_COMPILER_APPICON_NAME = AppIcon;
				ASSETCATALOG_COMPILER_GLOBAL_ACCENT_COLOR_NAME = AccentColor;
				CODE_SIGN_STYLE = Automatic;
				DEVELOPMENT_TEAM = 94WQ5WFP5X;
				INFOPLIST_FILE = se_iOS_client/Info.plist;
				LD_RUNPATH_SEARCH_PATHS = (
					"$(inherited)",
					"@executable_path/Frameworks",
				);
				PRODUCT_BUNDLE_IDENTIFIER = "kit.cs.ailab.syonKim.se-iOS-client";
				PRODUCT_NAME = "$(TARGET_NAME)";
				SWIFT_VERSION = 5.0;
				TARGETED_DEVICE_FAMILY = 1;
			};
			name = Release;
		};
/* End XCBuildConfiguration section */

/* Begin XCConfigurationList section */
		AFA64B2E260A1AEC001AB94F /* Build configuration list for PBXProject "se_iOS_client" */ = {
			isa = XCConfigurationList;
			buildConfigurations = (
				AFA64B48260A1AEC001AB94F /* Debug */,
				AFA64B49260A1AEC001AB94F /* Release */,
			);
			defaultConfigurationIsVisible = 0;
			defaultConfigurationName = Release;
		};
		AFA64B4A260A1AEC001AB94F /* Build configuration list for PBXNativeTarget "se_iOS_client" */ = {
			isa = XCConfigurationList;
			buildConfigurations = (
				AFA64B4B260A1AEC001AB94F /* Debug */,
				AFA64B4C260A1AEC001AB94F /* Release */,
			);
			defaultConfigurationIsVisible = 0;
			defaultConfigurationName = Release;
		};
/* End XCConfigurationList section */

/* Begin XCVersionGroup section */
		AFA64B3F260A1AEC001AB94F /* se_iOS_client.xcdatamodeld */ = {
			isa = XCVersionGroup;
			children = (
				AFA64B40260A1AEC001AB94F /* se_iOS_client.xcdatamodel */,
			);
			currentVersion = AFA64B40260A1AEC001AB94F /* se_iOS_client.xcdatamodel */;
			path = se_iOS_client.xcdatamodeld;
			sourceTree = "<group>";
			versionGroupType = wrapper.xcdatamodel;
		};
/* End XCVersionGroup section */
	};
	rootObject = AFA64B2B260A1AEC001AB94F /* Project object */;
}
